
Microsoft Visual Studio Solution File, Format Version 12.00
# Visual Studio Version 16
VisualStudioVersion = 16.0.31019.35
MinimumVisualStudioVersion = 10.0.40219.1
Project("{FAE04EC0-301F-11D3-BF4B-00C04F79EFBC}") = "Pesquisa_Selecao", "Pesquisa_Selecao\Pesquisa_Selecao.csproj", "{CF67160F-A599-40D6-87CF-5B732E7BA50D}"
EndProject
Global
	GlobalSection(SolutionConfigurationPlatforms) = preSolution
		Debug|Any CPU = Debug|Any CPU
		Release|Any CPU = Release|Any CPU
	EndGlobalSection
	GlobalSection(ProjectConfigurationPlatforms) = postSolution
		{CF67160F-A599-40D6-87CF-5B732E7BA50D}.Debug|Any CPU.ActiveCfg = Debug|Any CPU
		{CF67160F-A599-40D6-87CF-5B732E7BA50D}.Debug|Any CPU.Build.0 = Debug|Any CPU
		{CF67160F-A599-40D6-87CF-5B732E7BA50D}.Release|Any CPU.ActiveCfg = Release|Any CPU
		{CF67160F-A599-40D6-87CF-5B732E7BA50D}.Release|Any CPU.Build.0 = Release|Any CPU
	EndGlobalSection
	GlobalSection(SolutionProperties) = preSolution
		HideSolutionNode = FALSE
	EndGlobalSection
	GlobalSection(ExtensibilityGlobals) = postSolution
		SolutionGuid = {3F092C24-FA2A-443D-9EC3-7CCD8216E40D}
	EndGlobalSection
EndGlobal
