
Microsoft Visual Studio Solution File, Format Version 12.00
# Visual Studio Version 17
VisualStudioVersion = 17.1.32319.34
MinimumVisualStudioVersion = 10.0.40219.1
Project("{FAE04EC0-301F-11D3-BF4B-00C04F79EFBC}") = "Lista05-Ex09-OperacoesMatriz_NET6", "Lista05-Ex09-OperacoesMatriz_NET6\Lista05-Ex09-OperacoesMatriz_NET6.csproj", "{87B76DA4-BFB8-4D57-94F6-DD1F86B1C911}"
EndProject
Global
	GlobalSection(SolutionConfigurationPlatforms) = preSolution
		Debug|Any CPU = Debug|Any CPU
		Release|Any CPU = Release|Any CPU
	EndGlobalSection
	GlobalSection(ProjectConfigurationPlatforms) = postSolution
		{87B76DA4-BFB8-4D57-94F6-DD1F86B1C911}.Debug|Any CPU.ActiveCfg = Debug|Any CPU
		{87B76DA4-BFB8-4D57-94F6-DD1F86B1C911}.Debug|Any CPU.Build.0 = Debug|Any CPU
		{87B76DA4-BFB8-4D57-94F6-DD1F86B1C911}.Release|Any CPU.ActiveCfg = Release|Any CPU
		{87B76DA4-BFB8-4D57-94F6-DD1F86B1C911}.Release|Any CPU.Build.0 = Release|Any CPU
	EndGlobalSection
	GlobalSection(SolutionProperties) = preSolution
		HideSolutionNode = FALSE
	EndGlobalSection
	GlobalSection(ExtensibilityGlobals) = postSolution
		SolutionGuid = {4EBF71BD-5979-45EA-910E-30AB238CA04C}
	EndGlobalSection
EndGlobal
