
Microsoft Visual Studio Solution File, Format Version 12.00
# Visual Studio Version 17
VisualStudioVersion = 17.2.32516.85
MinimumVisualStudioVersion = 10.0.40219.1
Project("{FAE04EC0-301F-11D3-BF4B-00C04F79EFBC}") = "Euro2024", "Euro2024\Euro2024.csproj", "{77DF9D15-12AE-4F05-8FA8-D8DD4BBCA0C1}"
EndProject
Global
	GlobalSection(SolutionConfigurationPlatforms) = preSolution
		Debug|Any CPU = Debug|Any CPU
		Release|Any CPU = Release|Any CPU
	EndGlobalSection
	GlobalSection(ProjectConfigurationPlatforms) = postSolution
		{77DF9D15-12AE-4F05-8FA8-D8DD4BBCA0C1}.Debug|Any CPU.ActiveCfg = Debug|Any CPU
		{77DF9D15-12AE-4F05-8FA8-D8DD4BBCA0C1}.Debug|Any CPU.Build.0 = Debug|Any CPU
		{77DF9D15-12AE-4F05-8FA8-D8DD4BBCA0C1}.Release|Any CPU.ActiveCfg = Release|Any CPU
		{77DF9D15-12AE-4F05-8FA8-D8DD4BBCA0C1}.Release|Any CPU.Build.0 = Release|Any CPU
	EndGlobalSection
	GlobalSection(SolutionProperties) = preSolution
		HideSolutionNode = FALSE
	EndGlobalSection
	GlobalSection(ExtensibilityGlobals) = postSolution
		SolutionGuid = {D786C4B5-D9BF-4852-9796-E1774D531712}
	EndGlobalSection
EndGlobal
