
Microsoft Visual Studio Solution File, Format Version 12.00
# Visual Studio Version 16
VisualStudioVersion = 16.0.31019.35
MinimumVisualStudioVersion = 10.0.40219.1
Project("{FAE04EC0-301F-11D3-BF4B-00C04F79EFBC}") = "Lista05-EX09-OperacoesMatriz", "Lista05-EX09-OperacoesMatriz.csproj", "{9DEC7FC7-453C-4349-A162-F430D792943E}"
EndProject
Global
	GlobalSection(SolutionConfigurationPlatforms) = preSolution
		Debug|Any CPU = Debug|Any CPU
		Release|Any CPU = Release|Any CPU
	EndGlobalSection
	GlobalSection(ProjectConfigurationPlatforms) = postSolution
		{9DEC7FC7-453C-4349-A162-F430D792943E}.Debug|Any CPU.ActiveCfg = Debug|Any CPU
		{9DEC7FC7-453C-4349-A162-F430D792943E}.Debug|Any CPU.Build.0 = Debug|Any CPU
		{9DEC7FC7-453C-4349-A162-F430D792943E}.Release|Any CPU.ActiveCfg = Release|Any CPU
		{9DEC7FC7-453C-4349-A162-F430D792943E}.Release|Any CPU.Build.0 = Release|Any CPU
	EndGlobalSection
	GlobalSection(SolutionProperties) = preSolution
		HideSolutionNode = FALSE
	EndGlobalSection
	GlobalSection(ExtensibilityGlobals) = postSolution
		SolutionGuid = {EF3F0348-DAE5-4579-BB8E-7E776C9B6603}
	EndGlobalSection
EndGlobal
